
Microsoft Visual Studio Solution File, Format Version 12.00
# Visual Studio Version 17
VisualStudioVersion = 17.13.35828.75 d17.13
MinimumVisualStudioVersion = 10.0.40219.1
Project("{FAE04EC0-301F-11D3-BF4B-00C04F79EFBC}") = "Projeto_IJ", "Projeto_IJ.csproj", "{CCA9D6DE-1B79-4F5D-BC13-0C8934EFA035}"
EndProject
Global
	GlobalSection(SolutionConfigurationPlatforms) = preSolution
		Debug|Any CPU = Debug|Any CPU
		Release|Any CPU = Release|Any CPU
	EndGlobalSection
	GlobalSection(ProjectConfigurationPlatforms) = postSolution
		{CCA9D6DE-1B79-4F5D-BC13-0C8934EFA035}.Debug|Any CPU.ActiveCfg = Debug|Any CPU
		{CCA9D6DE-1B79-4F5D-BC13-0C8934EFA035}.Debug|Any CPU.Build.0 = Debug|Any CPU
		{CCA9D6DE-1B79-4F5D-BC13-0C8934EFA035}.Release|Any CPU.ActiveCfg = Release|Any CPU
		{CCA9D6DE-1B79-4F5D-BC13-0C8934EFA035}.Release|Any CPU.Build.0 = Release|Any CPU
	EndGlobalSection
	GlobalSection(SolutionProperties) = preSolution
		HideSolutionNode = FALSE
	EndGlobalSection
	GlobalSection(ExtensibilityGlobals) = postSolution
		SolutionGuid = {FB715189-11FD-4FAF-A823-F31E80560584}
	EndGlobalSection
EndGlobal
